// !$*UTF8*$!
{
	archiveVersion = 1;
	classes = {
	};
	objectVersion = 55;
	objects = {

/* Begin PBXBuildFile section */
		E847809F282E524F007394BE /* AppDelegate.swift in Sources */ = {isa = PBXBuildFile; fileRef = E847809E282E524F007394BE /* AppDelegate.swift */; };
		E84780A1282E524F007394BE /* SceneDelegate.swift in Sources */ = {isa = PBXBuildFile; fileRef = E84780A0282E524F007394BE /* SceneDelegate.swift */; };
		E84780A6282E524F007394BE /* Main.storyboard in Resources */ = {isa = PBXBuildFile; fileRef = E84780A4282E524F007394BE /* Main.storyboard */; };
		E84780A8282E524F007394BE /* Assets.xcassets in Resources */ = {isa = PBXBuildFile; fileRef = E84780A7282E524F007394BE /* Assets.xcassets */; };
		E84780AB282E524F007394BE /* LaunchScreen.storyboard in Resources */ = {isa = PBXBuildFile; fileRef = E84780A9282E524F007394BE /* LaunchScreen.storyboard */; };
		E84780BB282E5D2A007394BE /* NetworkManager.swift in Sources */ = {isa = PBXBuildFile; fileRef = E84780BA282E5D2A007394BE /* NetworkManager.swift */; };
		E84780BD282E6419007394BE /* FavoriteListViewController.swift in Sources */ = {isa = PBXBuildFile; fileRef = E84780BC282E6419007394BE /* FavoriteListViewController.swift */; };
		E84780BF282E6432007394BE /* StartingViewController.swift in Sources */ = {isa = PBXBuildFile; fileRef = E84780BE282E6432007394BE /* StartingViewController.swift */; };
		E84780C2282E6883007394BE /* CollectionViewCell.swift in Sources */ = {isa = PBXBuildFile; fileRef = E84780C1282E6883007394BE /* CollectionViewCell.swift */; };
		E84780C4282E6894007394BE /* TableViewCell.swift in Sources */ = {isa = PBXBuildFile; fileRef = E84780C3282E6894007394BE /* TableViewCell.swift */; };
		E8CF2E74282FE1FD00B7D716 /* Results.swift in Sources */ = {isa = PBXBuildFile; fileRef = E8CF2E73282FE1FD00B7D716 /* Results.swift */; };
		E8D71C64282E86A50043E71F /* PhotoImage.swift in Sources */ = {isa = PBXBuildFile; fileRef = E8D71C63282E86A50043E71F /* PhotoImage.swift */; };
		E8D71C67282EA2960043E71F /* InfoViewController.swift in Sources */ = {isa = PBXBuildFile; fileRef = E8D71C66282EA2960043E71F /* InfoViewController.swift */; };
/* End PBXBuildFile section */

/* Begin PBXFileReference section */
		E847809B282E524F007394BE /* PhotoBucket.app */ = {isa = PBXFileReference; explicitFileType = wrapper.application; includeInIndex = 0; path = PhotoBucket.app; sourceTree = BUILT_PRODUCTS_DIR; };
		E847809E282E524F007394BE /* AppDelegate.swift */ = {isa = PBXFileReference; lastKnownFileType = sourcecode.swift; path = AppDelegate.swift; sourceTree = "<group>"; };
		E84780A0282E524F007394BE /* SceneDelegate.swift */ = {isa = PBXFileReference; lastKnownFileType = sourcecode.swift; path = SceneDelegate.swift; sourceTree = "<group>"; };
		E84780A5282E524F007394BE /* Base */ = {isa = PBXFileReference; lastKnownFileType = file.storyboard; name = Base; path = Base.lproj/Main.storyboard; sourceTree = "<group>"; };
		E84780A7282E524F007394BE /* Assets.xcassets */ = {isa = PBXFileReference; lastKnownFileType = folder.assetcatalog; path = Assets.xcassets; sourceTree = "<group>"; };
		E84780AA282E524F007394BE /* Base */ = {isa = PBXFileReference; lastKnownFileType = file.storyboard; name = Base; path = Base.lproj/LaunchScreen.storyboard; sourceTree = "<group>"; };
		E84780AC282E524F007394BE /* Info.plist */ = {isa = PBXFileReference; lastKnownFileType = text.plist.xml; path = Info.plist; sourceTree = "<group>"; };
		E84780BA282E5D2A007394BE /* NetworkManager.swift */ = {isa = PBXFileReference; lastKnownFileType = sourcecode.swift; path = NetworkManager.swift; sourceTree = "<group>"; };
		E84780BC282E6419007394BE /* FavoriteListViewController.swift */ = {isa = PBXFileReference; lastKnownFileType = sourcecode.swift; path = FavoriteListViewController.swift; sourceTree = "<group>"; };
		E84780BE282E6432007394BE /* StartingViewController.swift */ = {isa = PBXFileReference; lastKnownFileType = sourcecode.swift; path = StartingViewController.swift; sourceTree = "<group>"; };
		E84780C1282E6883007394BE /* CollectionViewCell.swift */ = {isa = PBXFileReference; lastKnownFileType = sourcecode.swift; path = CollectionViewCell.swift; sourceTree = "<group>"; };
		E84780C3282E6894007394BE /* TableViewCell.swift */ = {isa = PBXFileReference; lastKnownFileType = sourcecode.swift; path = TableViewCell.swift; sourceTree = "<group>"; };
		E8CF2E73282FE1FD00B7D716 /* Results.swift */ = {isa = PBXFileReference; lastKnownFileType = sourcecode.swift; path = Results.swift; sourceTree = "<group>"; };
		E8D71C63282E86A50043E71F /* PhotoImage.swift */ = {isa = PBXFileReference; lastKnownFileType = sourcecode.swift; path = PhotoImage.swift; sourceTree = "<group>"; };
		E8D71C66282EA2960043E71F /* InfoViewController.swift */ = {isa = PBXFileReference; lastKnownFileType = sourcecode.swift; path = InfoViewController.swift; sourceTree = "<group>"; };
/* End PBXFileReference section */

/* Begin PBXFrameworksBuildPhase section */
		E8478098282E524F007394BE /* Frameworks */ = {
			isa = PBXFrameworksBuildPhase;
			buildActionMask = 2147483647;
			files = (
			);
			runOnlyForDeploymentPostprocessing = 0;
		};
/* End PBXFrameworksBuildPhase section */

/* Begin PBXGroup section */
		E8478092282E524F007394BE = {
			isa = PBXGroup;
			children = (
				E847809D282E524F007394BE /* PhotoBucket */,
				E847809C282E524F007394BE /* Products */,
			);
			sourceTree = "<group>";
		};
		E847809C282E524F007394BE /* Products */ = {
			isa = PBXGroup;
			children = (
				E847809B282E524F007394BE /* PhotoBucket.app */,
			);
			name = Products;
			sourceTree = "<group>";
		};
		E847809D282E524F007394BE /* PhotoBucket */ = {
			isa = PBXGroup;
			children = (
				E84780B3282E5422007394BE /* ViewControllers */,
				E84780C0282E6857007394BE /* ViewCells */,
				E8D71C65282E86B80043E71F /* Extension  */,
				E84780B6282E5AFB007394BE /* Models */,
				E84780B9282E5CFA007394BE /* Servises */,
				E84780B2282E5415007394BE /* Storyboards */,
				E84780B4282E5448007394BE /* App */,
				E84780B5282E547A007394BE /* Resources */,
			);
			path = PhotoBucket;
			sourceTree = "<group>";
		};
		E84780B2282E5415007394BE /* Storyboards */ = {
			isa = PBXGroup;
			children = (
				E84780A4282E524F007394BE /* Main.storyboard */,
				E84780A9282E524F007394BE /* LaunchScreen.storyboard */,
			);
			path = Storyboards;
			sourceTree = "<group>";
		};
		E84780B3282E5422007394BE /* ViewControllers */ = {
			isa = PBXGroup;
			children = (
				E84780BE282E6432007394BE /* StartingViewController.swift */,
				E84780BC282E6419007394BE /* FavoriteListViewController.swift */,
				E8D71C66282EA2960043E71F /* InfoViewController.swift */,
			);
			path = ViewControllers;
			sourceTree = "<group>";
		};
		E84780B4282E5448007394BE /* App */ = {
			isa = PBXGroup;
			children = (
				E847809E282E524F007394BE /* AppDelegate.swift */,
				E84780A0282E524F007394BE /* SceneDelegate.swift */,
				E84780AC282E524F007394BE /* Info.plist */,
			);
			path = App;
			sourceTree = "<group>";
		};
		E84780B5282E547A007394BE /* Resources */ = {
			isa = PBXGroup;
			children = (
				E84780A7282E524F007394BE /* Assets.xcassets */,
			);
			path = Resources;
			sourceTree = "<group>";
		};
		E84780B6282E5AFB007394BE /* Models */ = {
			isa = PBXGroup;
			children = (
				E8CF2E73282FE1FD00B7D716 /* Results.swift */,
			);
			name = Models;
			path = ViewControllers;
			sourceTree = "<group>";
		};
		E84780B9282E5CFA007394BE /* Servises */ = {
			isa = PBXGroup;
			children = (
				E84780BA282E5D2A007394BE /* NetworkManager.swift */,
			);
			path = Servises;
			sourceTree = "<group>";
		};
		E84780C0282E6857007394BE /* ViewCells */ = {
			isa = PBXGroup;
			children = (
				E84780C1282E6883007394BE /* CollectionViewCell.swift */,
				E84780C3282E6894007394BE /* TableViewCell.swift */,
			);
			name = ViewCells;
			path = ViewControllers;
			sourceTree = "<group>";
		};
		E8D71C65282E86B80043E71F /* Extension  */ = {
			isa = PBXGroup;
			children = (
				E8D71C63282E86A50043E71F /* PhotoImage.swift */,
			);
			path = "Extension ";
			sourceTree = "<group>";
		};
/* End PBXGroup section */

/* Begin PBXNativeTarget section */
		E847809A282E524F007394BE /* PhotoBucket */ = {
			isa = PBXNativeTarget;
			buildConfigurationList = E84780AF282E524F007394BE /* Build configuration list for PBXNativeTarget "PhotoBucket" */;
			buildPhases = (
				E8478097282E524F007394BE /* Sources */,
				E8478098282E524F007394BE /* Frameworks */,
				E8478099282E524F007394BE /* Resources */,
			);
			buildRules = (
			);
			dependencies = (
			);
			name = PhotoBucket;
			productName = PhotoBucket;
			productReference = E847809B282E524F007394BE /* PhotoBucket.app */;
			productType = "com.apple.product-type.application";
		};
/* End PBXNativeTarget section */

/* Begin PBXProject section */
		E8478093282E524F007394BE /* Project object */ = {
			isa = PBXProject;
			attributes = {
				BuildIndependentTargetsInParallel = 1;
				LastSwiftUpdateCheck = 1330;
				LastUpgradeCheck = 1330;
				TargetAttributes = {
					E847809A282E524F007394BE = {
						CreatedOnToolsVersion = 13.3.1;
					};
				};
			};
			buildConfigurationList = E8478096282E524F007394BE /* Build configuration list for PBXProject "PhotoBucket" */;
			compatibilityVersion = "Xcode 13.0";
			developmentRegion = en;
			hasScannedForEncodings = 0;
			knownRegions = (
				en,
				Base,
			);
			mainGroup = E8478092282E524F007394BE;
			productRefGroup = E847809C282E524F007394BE /* Products */;
			projectDirPath = "";
			projectRoot = "";
			targets = (
				E847809A282E524F007394BE /* PhotoBucket */,
			);
		};
/* End PBXProject section */

/* Begin PBXResourcesBuildPhase section */
		E8478099282E524F007394BE /* Resources */ = {
			isa = PBXResourcesBuildPhase;
			buildActionMask = 2147483647;
			files = (
				E84780AB282E524F007394BE /* LaunchScreen.storyboard in Resources */,
				E84780A8282E524F007394BE /* Assets.xcassets in Resources */,
				E84780A6282E524F007394BE /* Main.storyboard in Resources */,
			);
			runOnlyForDeploymentPostprocessing = 0;
		};
/* End PBXResourcesBuildPhase section */

/* Begin PBXSourcesBuildPhase section */
		E8478097282E524F007394BE /* Sources */ = {
			isa = PBXSourcesBuildPhase;
			buildActionMask = 2147483647;
			files = (
				E847809F282E524F007394BE /* AppDelegate.swift in Sources */,
				E84780C4282E6894007394BE /* TableViewCell.swift in Sources */,
				E84780BB282E5D2A007394BE /* NetworkManager.swift in Sources */,
				E8D71C67282EA2960043E71F /* InfoViewController.swift in Sources */,
				E8CF2E74282FE1FD00B7D716 /* Results.swift in Sources */,
				E8D71C64282E86A50043E71F /* PhotoImage.swift in Sources */,
				E84780C2282E6883007394BE /* CollectionViewCell.swift in Sources */,
				E84780BD282E6419007394BE /* FavoriteListViewController.swift in Sources */,
				E84780BF282E6432007394BE /* StartingViewController.swift in Sources */,
				E84780A1282E524F007394BE /* SceneDelegate.swift in Sources */,
			);
			runOnlyForDeploymentPostprocessing = 0;
		};
/* End PBXSourcesBuildPhase section */

/* Begin PBXVariantGroup section */
		E84780A4282E524F007394BE /* Main.storyboard */ = {
			isa = PBXVariantGroup;
			children = (
				E84780A5282E524F007394BE /* Base */,
			);
			name = Main.storyboard;
			sourceTree = "<group>";
		};
		E84780A9282E524F007394BE /* LaunchScreen.storyboard */ = {
			isa = PBXVariantGroup;
			children = (
				E84780AA282E524F007394BE /* Base */,
			);
			name = LaunchScreen.storyboard;
			sourceTree = "<group>";
		};
/* End PBXVariantGroup section */

/* Begin XCBuildConfiguration section */
		E84780AD282E524F007394BE /* Debug */ = {
			isa = XCBuildConfiguration;
			buildSettings = {
				ALWAYS_SEARCH_USER_PATHS = NO;
				CLANG_ANALYZER_NONNULL = YES;
				CLANG_ANALYZER_NUMBER_OBJECT_CONVERSION = YES_AGGRESSIVE;
				CLANG_CXX_LANGUAGE_STANDARD = "gnu++17";
				CLANG_ENABLE_MODULES = YES;
				CLANG_ENABLE_OBJC_ARC = YES;
				CLANG_ENABLE_OBJC_WEAK = YES;
				CLANG_WARN_BLOCK_CAPTURE_AUTORELEASING = YES;
				CLANG_WARN_BOOL_CONVERSION = YES;
				CLANG_WARN_COMMA = YES;
				CLANG_WARN_CONSTANT_CONVERSION = YES;
				CLANG_WARN_DEPRECATED_OBJC_IMPLEMENTATIONS = YES;
				CLANG_WARN_DIRECT_OBJC_ISA_USAGE = YES_ERROR;
				CLANG_WARN_DOCUMENTATION_COMMENTS = YES;
				CLANG_WARN_EMPTY_BODY = YES;
				CLANG_WARN_ENUM_CONVERSION = YES;
				CLANG_WARN_INFINITE_RECURSION = YES;
				CLANG_WARN_INT_CONVERSION = YES;
				CLANG_WARN_NON_LITERAL_NULL_CONVERSION = YES;
				CLANG_WARN_OBJC_IMPLICIT_RETAIN_SELF = YES;
				CLANG_WARN_OBJC_LITERAL_CONVERSION = YES;
				CLANG_WARN_OBJC_ROOT_CLASS = YES_ERROR;
				CLANG_WARN_QUOTED_INCLUDE_IN_FRAMEWORK_HEADER = YES;
				CLANG_WARN_RANGE_LOOP_ANALYSIS = YES;
				CLANG_WARN_STRICT_PROTOTYPES = YES;
				CLANG_WARN_SUSPICIOUS_MOVE = YES;
				CLANG_WARN_UNGUARDED_AVAILABILITY = YES_AGGRESSIVE;
				CLANG_WARN_UNREACHABLE_CODE = YES;
				CLANG_WARN__DUPLICATE_METHOD_MATCH = YES;
				COPY_PHASE_STRIP = NO;
				DEBUG_INFORMATION_FORMAT = dwarf;
				ENABLE_STRICT_OBJC_MSGSEND = YES;
				ENABLE_TESTABILITY = YES;
				GCC_C_LANGUAGE_STANDARD = gnu11;
				GCC_DYNAMIC_NO_PIC = NO;
				GCC_NO_COMMON_BLOCKS = YES;
				GCC_OPTIMIZATION_LEVEL = 0;
				GCC_PREPROCESSOR_DEFINITIONS = (
					"DEBUG=1",
					"$(inherited)",
				);
				GCC_WARN_64_TO_32_BIT_CONVERSION = YES;
				GCC_WARN_ABOUT_RETURN_TYPE = YES_ERROR;
				GCC_WARN_UNDECLARED_SELECTOR = YES;
				GCC_WARN_UNINITIALIZED_AUTOS = YES_AGGRESSIVE;
				GCC_WARN_UNUSED_FUNCTION = YES;
				GCC_WARN_UNUSED_VARIABLE = YES;
				IPHONEOS_DEPLOYMENT_TARGET = 15.4;
				MTL_ENABLE_DEBUG_INFO = INCLUDE_SOURCE;
				MTL_FAST_MATH = YES;
				ONLY_ACTIVE_ARCH = YES;
				SDKROOT = iphoneos;
				SWIFT_ACTIVE_COMPILATION_CONDITIONS = DEBUG;
				SWIFT_OPTIMIZATION_LEVEL = "-Onone";
			};
			name = Debug;
		};
		E84780AE282E524F007394BE /* Release */ = {
			isa = XCBuildConfiguration;
			buildSettings = {
				ALWAYS_SEARCH_USER_PATHS = NO;
				CLANG_ANALYZER_NONNULL = YES;
				CLANG_ANALYZER_NUMBER_OBJECT_CONVERSION = YES_AGGRESSIVE;
				CLANG_CXX_LANGUAGE_STANDARD = "gnu++17";
				CLANG_ENABLE_MODULES = YES;
				CLANG_ENABLE_OBJC_ARC = YES;
				CLANG_ENABLE_OBJC_WEAK = YES;
				CLANG_WARN_BLOCK_CAPTURE_AUTORELEASING = YES;
				CLANG_WARN_BOOL_CONVERSION = YES;
				CLANG_WARN_COMMA = YES;
				CLANG_WARN_CONSTANT_CONVERSION = YES;
				CLANG_WARN_DEPRECATED_OBJC_IMPLEMENTATIONS = YES;
				CLANG_WARN_DIRECT_OBJC_ISA_USAGE = YES_ERROR;
				CLANG_WARN_DOCUMENTATION_COMMENTS = YES;
				CLANG_WARN_EMPTY_BODY = YES;
				CLANG_WARN_ENUM_CONVERSION = YES;
				CLANG_WARN_INFINITE_RECURSION = YES;
				CLANG_WARN_INT_CONVERSION = YES;
				CLANG_WARN_NON_LITERAL_NULL_CONVERSION = YES;
				CLANG_WARN_OBJC_IMPLICIT_RETAIN_SELF = YES;
				CLANG_WARN_OBJC_LITERAL_CONVERSION = YES;
				CLANG_WARN_OBJC_ROOT_CLASS = YES_ERROR;
				CLANG_WARN_QUOTED_INCLUDE_IN_FRAMEWORK_HEADER = YES;
				CLANG_WARN_RANGE_LOOP_ANALYSIS = YES;
				CLANG_WARN_STRICT_PROTOTYPES = YES;
				CLANG_WARN_SUSPICIOUS_MOVE = YES;
				CLANG_WARN_UNGUARDED_AVAILABILITY = YES_AGGRESSIVE;
				CLANG_WARN_UNREACHABLE_CODE = YES;
				CLANG_WARN__DUPLICATE_METHOD_MATCH = YES;
				COPY_PHASE_STRIP = NO;
				DEBUG_INFORMATION_FORMAT = "dwarf-with-dsym";
				ENABLE_NS_ASSERTIONS = NO;
				ENABLE_STRICT_OBJC_MSGSEND = YES;
				GCC_C_LANGUAGE_STANDARD = gnu11;
				GCC_NO_COMMON_BLOCKS = YES;
				GCC_WARN_64_TO_32_BIT_CONVERSION = YES;
				GCC_WARN_ABOUT_RETURN_TYPE = YES_ERROR;
				GCC_WARN_UNDECLARED_SELECTOR = YES;
				GCC_WARN_UNINITIALIZED_AUTOS = YES_AGGRESSIVE;
				GCC_WARN_UNUSED_FUNCTION = YES;
				GCC_WARN_UNUSED_VARIABLE = YES;
				IPHONEOS_DEPLOYMENT_TARGET = 15.4;
				MTL_ENABLE_DEBUG_INFO = NO;
				MTL_FAST_MATH = YES;
				SDKROOT = iphoneos;
				SWIFT_COMPILATION_MODE = wholemodule;
				SWIFT_OPTIMIZATION_LEVEL = "-O";
				VALIDATE_PRODUCT = YES;
			};
			name = Release;
		};
		E84780B0282E524F007394BE /* Debug */ = {
			isa = XCBuildConfiguration;
			buildSettings = {
				ASSETCATALOG_COMPILER_APPICON_NAME = AppIcon;
				ASSETCATALOG_COMPILER_GLOBAL_ACCENT_COLOR_NAME = AccentColor;
				CODE_SIGN_STYLE = Automatic;
				CURRENT_PROJECT_VERSION = 1;
				DEVELOPMENT_TEAM = 2Q7FR5CHKB;
				GENERATE_INFOPLIST_FILE = YES;
				INFOPLIST_FILE = PhotoBucket/App/Info.plist;
				INFOPLIST_KEY_UIApplicationSupportsIndirectInputEvents = YES;
				INFOPLIST_KEY_UILaunchStoryboardName = LaunchScreen;
				INFOPLIST_KEY_UIMainStoryboardFile = Main;
				INFOPLIST_KEY_UISupportedInterfaceOrientations = UIInterfaceOrientationPortrait;
				INFOPLIST_KEY_UISupportedInterfaceOrientations_iPad = "UIInterfaceOrientationPortrait UIInterfaceOrientationPortraitUpsideDown UIInterfaceOrientationLandscapeLeft UIInterfaceOrientationLandscapeRight";
				INFOPLIST_KEY_UISupportedInterfaceOrientations_iPhone = "UIInterfaceOrientationPortrait UIInterfaceOrientationLandscapeLeft UIInterfaceOrientationLandscapeRight";
				LD_RUNPATH_SEARCH_PATHS = (
					"$(inherited)",
					"@executable_path/Frameworks",
				);
				MARKETING_VERSION = 1.0;
				PRODUCT_BUNDLE_IDENTIFIER = reyganstorm.PhotoBucket;
				PRODUCT_NAME = "$(TARGET_NAME)";
				SWIFT_EMIT_LOC_STRINGS = YES;
				SWIFT_VERSION = 5.0;
				TARGETED_DEVICE_FAMILY = "1,2";
			};
			name = Debug;
		};
		E84780B1282E524F007394BE /* Release */ = {
			isa = XCBuildConfiguration;
			buildSettings = {
				ASSETCATALOG_COMPILER_APPICON_NAME = AppIcon;
				ASSETCATALOG_COMPILER_GLOBAL_ACCENT_COLOR_NAME = AccentColor;
				CODE_SIGN_STYLE = Automatic;
				CURRENT_PROJECT_VERSION = 1;
				DEVELOPMENT_TEAM = 2Q7FR5CHKB;
				GENERATE_INFOPLIST_FILE = YES;
				INFOPLIST_FILE = PhotoBucket/App/Info.plist;
				INFOPLIST_KEY_UIApplicationSupportsIndirectInputEvents = YES;
				INFOPLIST_KEY_UILaunchStoryboardName = LaunchScreen;
				INFOPLIST_KEY_UIMainStoryboardFile = Main;
				INFOPLIST_KEY_UISupportedInterfaceOrientations = UIInterfaceOrientationPortrait;
				INFOPLIST_KEY_UISupportedInterfaceOrientations_iPad = "UIInterfaceOrientationPortrait UIInterfaceOrientationPortraitUpsideDown UIInterfaceOrientationLandscapeLeft UIInterfaceOrientationLandscapeRight";
				INFOPLIST_KEY_UISupportedInterfaceOrientations_iPhone = "UIInterfaceOrientationPortrait UIInterfaceOrientationLandscapeLeft UIInterfaceOrientationLandscapeRight";
				LD_RUNPATH_SEARCH_PATHS = (
					"$(inherited)",
					"@executable_path/Frameworks",
				);
				MARKETING_VERSION = 1.0;
				PRODUCT_BUNDLE_IDENTIFIER = reyganstorm.PhotoBucket;
				PRODUCT_NAME = "$(TARGET_NAME)";
				SWIFT_EMIT_LOC_STRINGS = YES;
				SWIFT_VERSION = 5.0;
				TARGETED_DEVICE_FAMILY = "1,2";
			};
			name = Release;
		};
/* End XCBuildConfiguration section */

/* Begin XCConfigurationList section */
		E8478096282E524F007394BE /* Build configuration list for PBXProject "PhotoBucket" */ = {
			isa = XCConfigurationList;
			buildConfigurations = (
				E84780AD282E524F007394BE /* Debug */,
				E84780AE282E524F007394BE /* Release */,
			);
			defaultConfigurationIsVisible = 0;
			defaultConfigurationName = Release;
		};
		E84780AF282E524F007394BE /* Build configuration list for PBXNativeTarget "PhotoBucket" */ = {
			isa = XCConfigurationList;
			buildConfigurations = (
				E84780B0282E524F007394BE /* Debug */,
				E84780B1282E524F007394BE /* Release */,
			);
			defaultConfigurationIsVisible = 0;
			defaultConfigurationName = Release;
		};
/* End XCConfigurationList section */
	};
	rootObject = E8478093282E524F007394BE /* Project object */;
}
